
Microsoft Visual Studio Solution File, Format Version 12.00
# Visual Studio Version 16
VisualStudioVersion = 16.0.30204.135
MinimumVisualStudioVersion = 10.0.40219.1
Project("{9A19103F-16F7-4668-BE54-9A1E7A4F7556}") = "EasySwitchPresence", "EasySwitchPresence\EasySwitchPresence.csproj", "{EC10E87A-BF63-40C7-9BC8-1B7873B4289F}"
EndProject
Global
	GlobalSection(SolutionConfigurationPlatforms) = preSolution
		Debug|Any CPU = Debug|Any CPU
		Release|Any CPU = Release|Any CPU
	EndGlobalSection
	GlobalSection(ProjectConfigurationPlatforms) = postSolution
		{EC10E87A-BF63-40C7-9BC8-1B7873B4289F}.Debug|Any CPU.ActiveCfg = Debug|Any CPU
		{EC10E87A-BF63-40C7-9BC8-1B7873B4289F}.Debug|Any CPU.Build.0 = Debug|Any CPU
		{EC10E87A-BF63-40C7-9BC8-1B7873B4289F}.Release|Any CPU.ActiveCfg = Release|Any CPU
		{EC10E87A-BF63-40C7-9BC8-1B7873B4289F}.Release|Any CPU.Build.0 = Release|Any CPU
	EndGlobalSection
	GlobalSection(SolutionProperties) = preSolution
		HideSolutionNode = FALSE
	EndGlobalSection
	GlobalSection(ExtensibilityGlobals) = postSolution
		SolutionGuid = {44CA95DF-65EB-494B-BF06-54260699923E}
	EndGlobalSection
EndGlobal
